
Microsoft Visual Studio Solution File, Format Version 12.00
# Visual Studio Version 16
VisualStudioVersion = 16.0.31729.503
MinimumVisualStudioVersion = 10.0.40219.1
Project("{FAE04EC0-301F-11D3-BF4B-00C04F79EFBC}") = "ExemplosSolid", "ExemplosSolid\ExemplosSolid.csproj", "{02CFAFC5-3938-4A6D-B3AC-F1D33133BE8B}"
EndProject
Global
	GlobalSection(SolutionConfigurationPlatforms) = preSolution
		Debug|Any CPU = Debug|Any CPU
		Release|Any CPU = Release|Any CPU
	EndGlobalSection
	GlobalSection(ProjectConfigurationPlatforms) = postSolution
		{02CFAFC5-3938-4A6D-B3AC-F1D33133BE8B}.Debug|Any CPU.ActiveCfg = Debug|Any CPU
		{02CFAFC5-3938-4A6D-B3AC-F1D33133BE8B}.Debug|Any CPU.Build.0 = Debug|Any CPU
		{02CFAFC5-3938-4A6D-B3AC-F1D33133BE8B}.Release|Any CPU.ActiveCfg = Release|Any CPU
		{02CFAFC5-3938-4A6D-B3AC-F1D33133BE8B}.Release|Any CPU.Build.0 = Release|Any CPU
	EndGlobalSection
	GlobalSection(SolutionProperties) = preSolution
		HideSolutionNode = FALSE
	EndGlobalSection
	GlobalSection(ExtensibilityGlobals) = postSolution
		SolutionGuid = {C0965C91-6DE8-4613-B8D8-C556F0AC897C}
	EndGlobalSection
EndGlobal
